
Microsoft Visual Studio Solution File, Format Version 12.00
# Visual Studio Version 16
VisualStudioVersion = 16.0.31005.135
MinimumVisualStudioVersion = 10.0.40219.1
Project("{FAE04EC0-301F-11D3-BF4B-00C04F79EFBC}") = "VisionSymbolsBulkEdit", "VisionSymbolsBulkEdit.csproj", "{EE22906F-68FB-49BF-A3BD-FA4523FF0827}"
EndProject
Global
	GlobalSection(SolutionConfigurationPlatforms) = preSolution
		Debug|Any CPU = Debug|Any CPU
		Release|Any CPU = Release|Any CPU
	EndGlobalSection
	GlobalSection(ProjectConfigurationPlatforms) = postSolution
		{EE22906F-68FB-49BF-A3BD-FA4523FF0827}.Debug|Any CPU.ActiveCfg = Debug|Any CPU
		{EE22906F-68FB-49BF-A3BD-FA4523FF0827}.Debug|Any CPU.Build.0 = Debug|Any CPU
		{EE22906F-68FB-49BF-A3BD-FA4523FF0827}.Release|Any CPU.ActiveCfg = Release|Any CPU
		{EE22906F-68FB-49BF-A3BD-FA4523FF0827}.Release|Any CPU.Build.0 = Release|Any CPU
	EndGlobalSection
	GlobalSection(SolutionProperties) = preSolution
		HideSolutionNode = FALSE
	EndGlobalSection
	GlobalSection(ExtensibilityGlobals) = postSolution
		SolutionGuid = {F7A55AD8-B684-40EA-B571-A10FF734CDA5}
	EndGlobalSection
EndGlobal
